// !$*UTF8*$!
{
	archiveVersion = 1;
	classes = {
	};
	objectVersion = 56;
	objects = {

/* Begin PBXBuildFile section */
		702E95EC2CCDF3B800216674 /* MultiwordleApp.swift in Sources */ = {isa = PBXBuildFile; fileRef = 702E95EB2CCDF3B800216674 /* MultiwordleApp.swift */; };
		702E95F02CCDF3B900216674 /* Assets.xcassets in Resources */ = {isa = PBXBuildFile; fileRef = 702E95EF2CCDF3B900216674 /* Assets.xcassets */; };
		702E95F32CCDF3B900216674 /* Preview Assets.xcassets in Resources */ = {isa = PBXBuildFile; fileRef = 702E95F22CCDF3B900216674 /* Preview Assets.xcassets */; };
		702E95FD2CCEA9BD00216674 /* Color+Extension.swift in Sources */ = {isa = PBXBuildFile; fileRef = 702E95FC2CCEA9BD00216674 /* Color+Extension.swift */; };
		702E96002CCEAAF600216674 /* Guess.swift in Sources */ = {isa = PBXBuildFile; fileRef = 702E95FF2CCEAAF600216674 /* Guess.swift */; };
		702E96052CCEAC8E00216674 /* DataModel.swift in Sources */ = {isa = PBXBuildFile; fileRef = 702E96042CCEAC8E00216674 /* DataModel.swift */; };
		702E96082CCEACD300216674 /* Global.swift in Sources */ = {isa = PBXBuildFile; fileRef = 702E96072CCEACD300216674 /* Global.swift */; };
		702E960A2CCEAE5600216674 /* NormalGuessView.swift in Sources */ = {isa = PBXBuildFile; fileRef = 702E96092CCEAE5600216674 /* NormalGuessView.swift */; };
		702E960D2CCEB2B000216674 /* Keyboard.swift in Sources */ = {isa = PBXBuildFile; fileRef = 702E960C2CCEB2B000216674 /* Keyboard.swift */; };
		702E960F2CCEB2D200216674 /* LetterButtonView.swift in Sources */ = {isa = PBXBuildFile; fileRef = 702E960E2CCEB2D200216674 /* LetterButtonView.swift */; };
		702E96112CCEB33B00216674 /* Statistic.swift in Sources */ = {isa = PBXBuildFile; fileRef = 702E96102CCEB33B00216674 /* Statistic.swift */; };
		702E96132CCEB3B900216674 /* UbiquitousStore.swift in Sources */ = {isa = PBXBuildFile; fileRef = 702E96122CCEB3B900216674 /* UbiquitousStore.swift */; };
		702E96172CCEC41B00216674 /* HomeView.swift in Sources */ = {isa = PBXBuildFile; fileRef = 702E96162CCEC41B00216674 /* HomeView.swift */; };
		702E961B2CCEC8BA00216674 /* UI+Extension.swift in Sources */ = {isa = PBXBuildFile; fileRef = 702E961A2CCEC8BA00216674 /* UI+Extension.swift */; };
		702E961D2CCEC96B00216674 /* ColorSchemeManager.swift in Sources */ = {isa = PBXBuildFile; fileRef = 702E961C2CCEC96B00216674 /* ColorSchemeManager.swift */; };
		702E961F2CCECDFA00216674 /* ToastView.swift in Sources */ = {isa = PBXBuildFile; fileRef = 702E961E2CCECDFA00216674 /* ToastView.swift */; };
		702E96212CCECEA800216674 /* StatsView.swift in Sources */ = {isa = PBXBuildFile; fileRef = 702E96202CCECEA800216674 /* StatsView.swift */; };
		702E96242CCECF5600216674 /* FlipView.swift in Sources */ = {isa = PBXBuildFile; fileRef = 702E96232CCECF5600216674 /* FlipView.swift */; };
		702E96262CCFEA2A00216674 /* GameView.swift in Sources */ = {isa = PBXBuildFile; fileRef = 702E96252CCFEA2A00216674 /* GameView.swift */; };
		702E962A2CCFF07600216674 /* Shake.swift in Sources */ = {isa = PBXBuildFile; fileRef = 702E96292CCFF07600216674 /* Shake.swift */; };
		702E962E2CCFF4FA00216674 /* HelpView.swift in Sources */ = {isa = PBXBuildFile; fileRef = 702E962D2CCFF4FA00216674 /* HelpView.swift */; };
		702E96332CD00F9700216674 /* DailyView.swift in Sources */ = {isa = PBXBuildFile; fileRef = 702E96322CD00F9700216674 /* DailyView.swift */; };
		702E96392CD0BBAE00216674 /* SixGuessView.swift in Sources */ = {isa = PBXBuildFile; fileRef = 702E96382CD0BBAE00216674 /* SixGuessView.swift */; };
		702E963B2CD0BBD900216674 /* SixGuess.swift in Sources */ = {isa = PBXBuildFile; fileRef = 702E963A2CD0BBD900216674 /* SixGuess.swift */; };
		702E963D2CD0BC2500216674 /* SixDataModel.swift in Sources */ = {isa = PBXBuildFile; fileRef = 702E963C2CD0BC2500216674 /* SixDataModel.swift */; };
		702E963F2CD0BCBB00216674 /* SixGameView.swift in Sources */ = {isa = PBXBuildFile; fileRef = 702E963E2CD0BCBB00216674 /* SixGameView.swift */; };
/* End PBXBuildFile section */

/* Begin PBXFileReference section */
		702E95E82CCDF3B800216674 /* Multiwordle.app */ = {isa = PBXFileReference; explicitFileType = wrapper.application; includeInIndex = 0; path = Multiwordle.app; sourceTree = BUILT_PRODUCTS_DIR; };
		702E95EB2CCDF3B800216674 /* MultiwordleApp.swift */ = {isa = PBXFileReference; lastKnownFileType = sourcecode.swift; path = MultiwordleApp.swift; sourceTree = "<group>"; };
		702E95EF2CCDF3B900216674 /* Assets.xcassets */ = {isa = PBXFileReference; lastKnownFileType = folder.assetcatalog; path = Assets.xcassets; sourceTree = "<group>"; };
		702E95F22CCDF3B900216674 /* Preview Assets.xcassets */ = {isa = PBXFileReference; lastKnownFileType = folder.assetcatalog; path = "Preview Assets.xcassets"; sourceTree = "<group>"; };
		702E95FC2CCEA9BD00216674 /* Color+Extension.swift */ = {isa = PBXFileReference; lastKnownFileType = sourcecode.swift; path = "Color+Extension.swift"; sourceTree = "<group>"; };
		702E95FF2CCEAAF600216674 /* Guess.swift */ = {isa = PBXFileReference; lastKnownFileType = sourcecode.swift; path = Guess.swift; sourceTree = "<group>"; };
		702E96042CCEAC8E00216674 /* DataModel.swift */ = {isa = PBXFileReference; lastKnownFileType = sourcecode.swift; path = DataModel.swift; sourceTree = "<group>"; };
		702E96072CCEACD300216674 /* Global.swift */ = {isa = PBXFileReference; lastKnownFileType = sourcecode.swift; path = Global.swift; sourceTree = "<group>"; };
		702E96092CCEAE5600216674 /* NormalGuessView.swift */ = {isa = PBXFileReference; lastKnownFileType = sourcecode.swift; path = NormalGuessView.swift; sourceTree = "<group>"; };
		702E960C2CCEB2B000216674 /* Keyboard.swift */ = {isa = PBXFileReference; lastKnownFileType = sourcecode.swift; path = Keyboard.swift; sourceTree = "<group>"; };
		702E960E2CCEB2D200216674 /* LetterButtonView.swift */ = {isa = PBXFileReference; lastKnownFileType = sourcecode.swift; path = LetterButtonView.swift; sourceTree = "<group>"; };
		702E96102CCEB33B00216674 /* Statistic.swift */ = {isa = PBXFileReference; lastKnownFileType = sourcecode.swift; path = Statistic.swift; sourceTree = "<group>"; };
		702E96122CCEB3B900216674 /* UbiquitousStore.swift */ = {isa = PBXFileReference; lastKnownFileType = sourcecode.swift; path = UbiquitousStore.swift; sourceTree = "<group>"; };
		702E96162CCEC41B00216674 /* HomeView.swift */ = {isa = PBXFileReference; lastKnownFileType = sourcecode.swift; path = HomeView.swift; sourceTree = "<group>"; };
		702E961A2CCEC8BA00216674 /* UI+Extension.swift */ = {isa = PBXFileReference; lastKnownFileType = sourcecode.swift; path = "UI+Extension.swift"; sourceTree = "<group>"; };
		702E961C2CCEC96B00216674 /* ColorSchemeManager.swift */ = {isa = PBXFileReference; lastKnownFileType = sourcecode.swift; path = ColorSchemeManager.swift; sourceTree = "<group>"; };
		702E961E2CCECDFA00216674 /* ToastView.swift */ = {isa = PBXFileReference; lastKnownFileType = sourcecode.swift; path = ToastView.swift; sourceTree = "<group>"; };
		702E96202CCECEA800216674 /* StatsView.swift */ = {isa = PBXFileReference; lastKnownFileType = sourcecode.swift; path = StatsView.swift; sourceTree = "<group>"; };
		702E96232CCECF5600216674 /* FlipView.swift */ = {isa = PBXFileReference; lastKnownFileType = sourcecode.swift; path = FlipView.swift; sourceTree = "<group>"; };
		702E96252CCFEA2A00216674 /* GameView.swift */ = {isa = PBXFileReference; lastKnownFileType = sourcecode.swift; path = GameView.swift; sourceTree = "<group>"; };
		702E96292CCFF07600216674 /* Shake.swift */ = {isa = PBXFileReference; lastKnownFileType = sourcecode.swift; path = Shake.swift; sourceTree = "<group>"; };
		702E962D2CCFF4FA00216674 /* HelpView.swift */ = {isa = PBXFileReference; lastKnownFileType = sourcecode.swift; path = HelpView.swift; sourceTree = "<group>"; };
		702E96322CD00F9700216674 /* DailyView.swift */ = {isa = PBXFileReference; lastKnownFileType = sourcecode.swift; path = DailyView.swift; sourceTree = "<group>"; };
		702E96382CD0BBAE00216674 /* SixGuessView.swift */ = {isa = PBXFileReference; lastKnownFileType = sourcecode.swift; path = SixGuessView.swift; sourceTree = "<group>"; };
		702E963A2CD0BBD900216674 /* SixGuess.swift */ = {isa = PBXFileReference; lastKnownFileType = sourcecode.swift; path = SixGuess.swift; sourceTree = "<group>"; };
		702E963C2CD0BC2500216674 /* SixDataModel.swift */ = {isa = PBXFileReference; lastKnownFileType = sourcecode.swift; path = SixDataModel.swift; sourceTree = "<group>"; };
		702E963E2CD0BCBB00216674 /* SixGameView.swift */ = {isa = PBXFileReference; lastKnownFileType = sourcecode.swift; path = SixGameView.swift; sourceTree = "<group>"; };
/* End PBXFileReference section */

/* Begin PBXFrameworksBuildPhase section */
		702E95E52CCDF3B800216674 /* Frameworks */ = {
			isa = PBXFrameworksBuildPhase;
			buildActionMask = 2147483647;
			files = (
			);
			runOnlyForDeploymentPostprocessing = 0;
		};
/* End PBXFrameworksBuildPhase section */

/* Begin PBXGroup section */
		702E95DF2CCDF3B800216674 = {
			isa = PBXGroup;
			children = (
				702E95EA2CCDF3B800216674 /* Multiwordle */,
				702E95E92CCDF3B800216674 /* Products */,
			);
			sourceTree = "<group>";
		};
		702E95E92CCDF3B800216674 /* Products */ = {
			isa = PBXGroup;
			children = (
				702E95E82CCDF3B800216674 /* Multiwordle.app */,
			);
			name = Products;
			sourceTree = "<group>";
		};
		702E95EA2CCDF3B800216674 /* Multiwordle */ = {
			isa = PBXGroup;
			children = (
				702E96222CCECF4E00216674 /* Animations */,
				702E960B2CCEB2A500216674 /* Views */,
				702E96032CCEAC7700216674 /* ViewModels */,
				702E95EB2CCDF3B800216674 /* MultiwordleApp.swift */,
				702E95FE2CCEAAE900216674 /* Models */,
				702E95F92CCEA87800216674 /* Extensions */,
				702E95EF2CCDF3B900216674 /* Assets.xcassets */,
				702E95F12CCDF3B900216674 /* Preview Content */,
			);
			path = Multiwordle;
			sourceTree = "<group>";
		};
		702E95F12CCDF3B900216674 /* Preview Content */ = {
			isa = PBXGroup;
			children = (
				702E95F22CCDF3B900216674 /* Preview Assets.xcassets */,
			);
			path = "Preview Content";
			sourceTree = "<group>";
		};
		702E95F92CCEA87800216674 /* Extensions */ = {
			isa = PBXGroup;
			children = (
				702E95FC2CCEA9BD00216674 /* Color+Extension.swift */,
				702E961A2CCEC8BA00216674 /* UI+Extension.swift */,
			);
			path = Extensions;
			sourceTree = "<group>";
		};
		702E95FE2CCEAAE900216674 /* Models */ = {
			isa = PBXGroup;
			children = (
				702E95FF2CCEAAF600216674 /* Guess.swift */,
				702E96072CCEACD300216674 /* Global.swift */,
				702E96102CCEB33B00216674 /* Statistic.swift */,
				702E96122CCEB3B900216674 /* UbiquitousStore.swift */,
				702E963A2CD0BBD900216674 /* SixGuess.swift */,
			);
			path = Models;
			sourceTree = "<group>";
		};
		702E96032CCEAC7700216674 /* ViewModels */ = {
			isa = PBXGroup;
			children = (
				702E96042CCEAC8E00216674 /* DataModel.swift */,
				702E963C2CD0BC2500216674 /* SixDataModel.swift */,
				702E961C2CCEC96B00216674 /* ColorSchemeManager.swift */,
			);
			path = ViewModels;
			sourceTree = "<group>";
		};
		702E960B2CCEB2A500216674 /* Views */ = {
			isa = PBXGroup;
			children = (
				702E96092CCEAE5600216674 /* NormalGuessView.swift */,
				702E96382CD0BBAE00216674 /* SixGuessView.swift */,
				702E960C2CCEB2B000216674 /* Keyboard.swift */,
				702E960E2CCEB2D200216674 /* LetterButtonView.swift */,
				702E96162CCEC41B00216674 /* HomeView.swift */,
				702E961E2CCECDFA00216674 /* ToastView.swift */,
				702E96202CCECEA800216674 /* StatsView.swift */,
				702E96252CCFEA2A00216674 /* GameView.swift */,
				702E963E2CD0BCBB00216674 /* SixGameView.swift */,
				702E962D2CCFF4FA00216674 /* HelpView.swift */,
				702E96322CD00F9700216674 /* DailyView.swift */,
			);
			path = Views;
			sourceTree = "<group>";
		};
		702E96222CCECF4E00216674 /* Animations */ = {
			isa = PBXGroup;
			children = (
				702E96232CCECF5600216674 /* FlipView.swift */,
				702E96292CCFF07600216674 /* Shake.swift */,
			);
			path = Animations;
			sourceTree = "<group>";
		};
/* End PBXGroup section */

/* Begin PBXNativeTarget section */
		702E95E72CCDF3B800216674 /* Multiwordle */ = {
			isa = PBXNativeTarget;
			buildConfigurationList = 702E95F62CCDF3B900216674 /* Build configuration list for PBXNativeTarget "Multiwordle" */;
			buildPhases = (
				702E95E42CCDF3B800216674 /* Sources */,
				702E95E52CCDF3B800216674 /* Frameworks */,
				702E95E62CCDF3B800216674 /* Resources */,
			);
			buildRules = (
			);
			dependencies = (
			);
			name = Multiwordle;
			productName = Multiwordle;
			productReference = 702E95E82CCDF3B800216674 /* Multiwordle.app */;
			productType = "com.apple.product-type.application";
		};
/* End PBXNativeTarget section */

/* Begin PBXProject section */
		702E95E02CCDF3B800216674 /* Project object */ = {
			isa = PBXProject;
			attributes = {
				BuildIndependentTargetsInParallel = 1;
				LastSwiftUpdateCheck = 1540;
				LastUpgradeCheck = 1540;
				TargetAttributes = {
					702E95E72CCDF3B800216674 = {
						CreatedOnToolsVersion = 15.4;
					};
				};
			};
			buildConfigurationList = 702E95E32CCDF3B800216674 /* Build configuration list for PBXProject "Multiwordle" */;
			compatibilityVersion = "Xcode 14.0";
			developmentRegion = en;
			hasScannedForEncodings = 0;
			knownRegions = (
				en,
				Base,
			);
			mainGroup = 702E95DF2CCDF3B800216674;
			productRefGroup = 702E95E92CCDF3B800216674 /* Products */;
			projectDirPath = "";
			projectRoot = "";
			targets = (
				702E95E72CCDF3B800216674 /* Multiwordle */,
			);
		};
/* End PBXProject section */

/* Begin PBXResourcesBuildPhase section */
		702E95E62CCDF3B800216674 /* Resources */ = {
			isa = PBXResourcesBuildPhase;
			buildActionMask = 2147483647;
			files = (
				702E95F32CCDF3B900216674 /* Preview Assets.xcassets in Resources */,
				702E95F02CCDF3B900216674 /* Assets.xcassets in Resources */,
			);
			runOnlyForDeploymentPostprocessing = 0;
		};
/* End PBXResourcesBuildPhase section */

/* Begin PBXSourcesBuildPhase section */
		702E95E42CCDF3B800216674 /* Sources */ = {
			isa = PBXSourcesBuildPhase;
			buildActionMask = 2147483647;
			files = (
				702E963B2CD0BBD900216674 /* SixGuess.swift in Sources */,
				702E961D2CCEC96B00216674 /* ColorSchemeManager.swift in Sources */,
				702E96052CCEAC8E00216674 /* DataModel.swift in Sources */,
				702E962A2CCFF07600216674 /* Shake.swift in Sources */,
				702E963D2CD0BC2500216674 /* SixDataModel.swift in Sources */,
				702E961B2CCEC8BA00216674 /* UI+Extension.swift in Sources */,
				702E96262CCFEA2A00216674 /* GameView.swift in Sources */,
				702E96212CCECEA800216674 /* StatsView.swift in Sources */,
				702E961F2CCECDFA00216674 /* ToastView.swift in Sources */,
				702E960D2CCEB2B000216674 /* Keyboard.swift in Sources */,
				702E96082CCEACD300216674 /* Global.swift in Sources */,
				702E96132CCEB3B900216674 /* UbiquitousStore.swift in Sources */,
				702E960A2CCEAE5600216674 /* NormalGuessView.swift in Sources */,
				702E963F2CD0BCBB00216674 /* SixGameView.swift in Sources */,
				702E96242CCECF5600216674 /* FlipView.swift in Sources */,
				702E96002CCEAAF600216674 /* Guess.swift in Sources */,
				702E962E2CCFF4FA00216674 /* HelpView.swift in Sources */,
				702E95FD2CCEA9BD00216674 /* Color+Extension.swift in Sources */,
				702E960F2CCEB2D200216674 /* LetterButtonView.swift in Sources */,
				702E96172CCEC41B00216674 /* HomeView.swift in Sources */,
				702E96332CD00F9700216674 /* DailyView.swift in Sources */,
				702E96112CCEB33B00216674 /* Statistic.swift in Sources */,
				702E95EC2CCDF3B800216674 /* MultiwordleApp.swift in Sources */,
				702E96392CD0BBAE00216674 /* SixGuessView.swift in Sources */,
			);
			runOnlyForDeploymentPostprocessing = 0;
		};
/* End PBXSourcesBuildPhase section */

/* Begin XCBuildConfiguration section */
		702E95F42CCDF3B900216674 /* Debug */ = {
			isa = XCBuildConfiguration;
			buildSettings = {
				ALWAYS_SEARCH_USER_PATHS = NO;
				ASSETCATALOG_COMPILER_GENERATE_SWIFT_ASSET_SYMBOL_EXTENSIONS = YES;
				CLANG_ANALYZER_NONNULL = YES;
				CLANG_ANALYZER_NUMBER_OBJECT_CONVERSION = YES_AGGRESSIVE;
				CLANG_CXX_LANGUAGE_STANDARD = "gnu++20";
				CLANG_ENABLE_MODULES = YES;
				CLANG_ENABLE_OBJC_ARC = YES;
				CLANG_ENABLE_OBJC_WEAK = YES;
				CLANG_WARN_BLOCK_CAPTURE_AUTORELEASING = YES;
				CLANG_WARN_BOOL_CONVERSION = YES;
				CLANG_WARN_COMMA = YES;
				CLANG_WARN_CONSTANT_CONVERSION = YES;
				CLANG_WARN_DEPRECATED_OBJC_IMPLEMENTATIONS = YES;
				CLANG_WARN_DIRECT_OBJC_ISA_USAGE = YES_ERROR;
				CLANG_WARN_DOCUMENTATION_COMMENTS = YES;
				CLANG_WARN_EMPTY_BODY = YES;
				CLANG_WARN_ENUM_CONVERSION = YES;
				CLANG_WARN_INFINITE_RECURSION = YES;
				CLANG_WARN_INT_CONVERSION = YES;
				CLANG_WARN_NON_LITERAL_NULL_CONVERSION = YES;
				CLANG_WARN_OBJC_IMPLICIT_RETAIN_SELF = YES;
				CLANG_WARN_OBJC_LITERAL_CONVERSION = YES;
				CLANG_WARN_OBJC_ROOT_CLASS = YES_ERROR;
				CLANG_WARN_QUOTED_INCLUDE_IN_FRAMEWORK_HEADER = YES;
				CLANG_WARN_RANGE_LOOP_ANALYSIS = YES;
				CLANG_WARN_STRICT_PROTOTYPES = YES;
				CLANG_WARN_SUSPICIOUS_MOVE = YES;
				CLANG_WARN_UNGUARDED_AVAILABILITY = YES_AGGRESSIVE;
				CLANG_WARN_UNREACHABLE_CODE = YES;
				CLANG_WARN__DUPLICATE_METHOD_MATCH = YES;
				COPY_PHASE_STRIP = NO;
				DEBUG_INFORMATION_FORMAT = dwarf;
				ENABLE_STRICT_OBJC_MSGSEND = YES;
				ENABLE_TESTABILITY = YES;
				ENABLE_USER_SCRIPT_SANDBOXING = YES;
				GCC_C_LANGUAGE_STANDARD = gnu17;
				GCC_DYNAMIC_NO_PIC = NO;
				GCC_NO_COMMON_BLOCKS = YES;
				GCC_OPTIMIZATION_LEVEL = 0;
				GCC_PREPROCESSOR_DEFINITIONS = (
					"DEBUG=1",
					"$(inherited)",
				);
				GCC_WARN_64_TO_32_BIT_CONVERSION = YES;
				GCC_WARN_ABOUT_RETURN_TYPE = YES_ERROR;
				GCC_WARN_UNDECLARED_SELECTOR = YES;
				GCC_WARN_UNINITIALIZED_AUTOS = YES_AGGRESSIVE;
				GCC_WARN_UNUSED_FUNCTION = YES;
				GCC_WARN_UNUSED_VARIABLE = YES;
				IPHONEOS_DEPLOYMENT_TARGET = 17.5;
				LOCALIZATION_PREFERS_STRING_CATALOGS = YES;
				MTL_ENABLE_DEBUG_INFO = INCLUDE_SOURCE;
				MTL_FAST_MATH = YES;
				ONLY_ACTIVE_ARCH = YES;
				SDKROOT = iphoneos;
				SWIFT_ACTIVE_COMPILATION_CONDITIONS = "DEBUG $(inherited)";
				SWIFT_OPTIMIZATION_LEVEL = "-Onone";
			};
			name = Debug;
		};
		702E95F52CCDF3B900216674 /* Release */ = {
			isa = XCBuildConfiguration;
			buildSettings = {
				ALWAYS_SEARCH_USER_PATHS = NO;
				ASSETCATALOG_COMPILER_GENERATE_SWIFT_ASSET_SYMBOL_EXTENSIONS = YES;
				CLANG_ANALYZER_NONNULL = YES;
				CLANG_ANALYZER_NUMBER_OBJECT_CONVERSION = YES_AGGRESSIVE;
				CLANG_CXX_LANGUAGE_STANDARD = "gnu++20";
				CLANG_ENABLE_MODULES = YES;
				CLANG_ENABLE_OBJC_ARC = YES;
				CLANG_ENABLE_OBJC_WEAK = YES;
				CLANG_WARN_BLOCK_CAPTURE_AUTORELEASING = YES;
				CLANG_WARN_BOOL_CONVERSION = YES;
				CLANG_WARN_COMMA = YES;
				CLANG_WARN_CONSTANT_CONVERSION = YES;
				CLANG_WARN_DEPRECATED_OBJC_IMPLEMENTATIONS = YES;
				CLANG_WARN_DIRECT_OBJC_ISA_USAGE = YES_ERROR;
				CLANG_WARN_DOCUMENTATION_COMMENTS = YES;
				CLANG_WARN_EMPTY_BODY = YES;
				CLANG_WARN_ENUM_CONVERSION = YES;
				CLANG_WARN_INFINITE_RECURSION = YES;
				CLANG_WARN_INT_CONVERSION = YES;
				CLANG_WARN_NON_LITERAL_NULL_CONVERSION = YES;
				CLANG_WARN_OBJC_IMPLICIT_RETAIN_SELF = YES;
				CLANG_WARN_OBJC_LITERAL_CONVERSION = YES;
				CLANG_WARN_OBJC_ROOT_CLASS = YES_ERROR;
				CLANG_WARN_QUOTED_INCLUDE_IN_FRAMEWORK_HEADER = YES;
				CLANG_WARN_RANGE_LOOP_ANALYSIS = YES;
				CLANG_WARN_STRICT_PROTOTYPES = YES;
				CLANG_WARN_SUSPICIOUS_MOVE = YES;
				CLANG_WARN_UNGUARDED_AVAILABILITY = YES_AGGRESSIVE;
				CLANG_WARN_UNREACHABLE_CODE = YES;
				CLANG_WARN__DUPLICATE_METHOD_MATCH = YES;
				COPY_PHASE_STRIP = NO;
				DEBUG_INFORMATION_FORMAT = "dwarf-with-dsym";
				ENABLE_NS_ASSERTIONS = NO;
				ENABLE_STRICT_OBJC_MSGSEND = YES;
				ENABLE_USER_SCRIPT_SANDBOXING = YES;
				GCC_C_LANGUAGE_STANDARD = gnu17;
				GCC_NO_COMMON_BLOCKS = YES;
				GCC_WARN_64_TO_32_BIT_CONVERSION = YES;
				GCC_WARN_ABOUT_RETURN_TYPE = YES_ERROR;
				GCC_WARN_UNDECLARED_SELECTOR = YES;
				GCC_WARN_UNINITIALIZED_AUTOS = YES_AGGRESSIVE;
				GCC_WARN_UNUSED_FUNCTION = YES;
				GCC_WARN_UNUSED_VARIABLE = YES;
				IPHONEOS_DEPLOYMENT_TARGET = 17.5;
				LOCALIZATION_PREFERS_STRING_CATALOGS = YES;
				MTL_ENABLE_DEBUG_INFO = NO;
				MTL_FAST_MATH = YES;
				SDKROOT = iphoneos;
				SWIFT_COMPILATION_MODE = wholemodule;
				VALIDATE_PRODUCT = YES;
			};
			name = Release;
		};
		702E95F72CCDF3B900216674 /* Debug */ = {
			isa = XCBuildConfiguration;
			buildSettings = {
				ASSETCATALOG_COMPILER_APPICON_NAME = AppIcon;
				ASSETCATALOG_COMPILER_GLOBAL_ACCENT_COLOR_NAME = AccentColor;
				CODE_SIGN_STYLE = Automatic;
				CURRENT_PROJECT_VERSION = 1;
				DEVELOPMENT_ASSET_PATHS = "\"Multiwordle/Preview Content\"";
				DEVELOPMENT_TEAM = N53V2J88NP;
				ENABLE_PREVIEWS = YES;
				GENERATE_INFOPLIST_FILE = YES;
				INFOPLIST_KEY_UIApplicationSceneManifest_Generation = YES;
				INFOPLIST_KEY_UIApplicationSupportsIndirectInputEvents = YES;
				INFOPLIST_KEY_UILaunchScreen_Generation = YES;
				INFOPLIST_KEY_UISupportedInterfaceOrientations_iPad = "UIInterfaceOrientationPortrait UIInterfaceOrientationPortraitUpsideDown UIInterfaceOrientationLandscapeLeft UIInterfaceOrientationLandscapeRight";
				INFOPLIST_KEY_UISupportedInterfaceOrientations_iPhone = "UIInterfaceOrientationPortrait UIInterfaceOrientationLandscapeLeft UIInterfaceOrientationLandscapeRight";
				LD_RUNPATH_SEARCH_PATHS = (
					"$(inherited)",
					"@executable_path/Frameworks",
				);
				MARKETING_VERSION = 1.0;
				PRODUCT_BUNDLE_IDENTIFIER = cs395.Multiwordle;
				PRODUCT_NAME = "$(TARGET_NAME)";
				SWIFT_EMIT_LOC_STRINGS = YES;
				SWIFT_VERSION = 5.0;
				TARGETED_DEVICE_FAMILY = "1,2";
			};
			name = Debug;
		};
		702E95F82CCDF3B900216674 /* Release */ = {
			isa = XCBuildConfiguration;
			buildSettings = {
				ASSETCATALOG_COMPILER_APPICON_NAME = AppIcon;
				ASSETCATALOG_COMPILER_GLOBAL_ACCENT_COLOR_NAME = AccentColor;
				CODE_SIGN_STYLE = Automatic;
				CURRENT_PROJECT_VERSION = 1;
				DEVELOPMENT_ASSET_PATHS = "\"Multiwordle/Preview Content\"";
				DEVELOPMENT_TEAM = N53V2J88NP;
				ENABLE_PREVIEWS = YES;
				GENERATE_INFOPLIST_FILE = YES;
				INFOPLIST_KEY_UIApplicationSceneManifest_Generation = YES;
				INFOPLIST_KEY_UIApplicationSupportsIndirectInputEvents = YES;
				INFOPLIST_KEY_UILaunchScreen_Generation = YES;
				INFOPLIST_KEY_UISupportedInterfaceOrientations_iPad = "UIInterfaceOrientationPortrait UIInterfaceOrientationPortraitUpsideDown UIInterfaceOrientationLandscapeLeft UIInterfaceOrientationLandscapeRight";
				INFOPLIST_KEY_UISupportedInterfaceOrientations_iPhone = "UIInterfaceOrientationPortrait UIInterfaceOrientationLandscapeLeft UIInterfaceOrientationLandscapeRight";
				LD_RUNPATH_SEARCH_PATHS = (
					"$(inherited)",
					"@executable_path/Frameworks",
				);
				MARKETING_VERSION = 1.0;
				PRODUCT_BUNDLE_IDENTIFIER = cs395.Multiwordle;
				PRODUCT_NAME = "$(TARGET_NAME)";
				SWIFT_EMIT_LOC_STRINGS = YES;
				SWIFT_VERSION = 5.0;
				TARGETED_DEVICE_FAMILY = "1,2";
			};
			name = Release;
		};
/* End XCBuildConfiguration section */

/* Begin XCConfigurationList section */
		702E95E32CCDF3B800216674 /* Build configuration list for PBXProject "Multiwordle" */ = {
			isa = XCConfigurationList;
			buildConfigurations = (
				702E95F42CCDF3B900216674 /* Debug */,
				702E95F52CCDF3B900216674 /* Release */,
			);
			defaultConfigurationIsVisible = 0;
			defaultConfigurationName = Release;
		};
		702E95F62CCDF3B900216674 /* Build configuration list for PBXNativeTarget "Multiwordle" */ = {
			isa = XCConfigurationList;
			buildConfigurations = (
				702E95F72CCDF3B900216674 /* Debug */,
				702E95F82CCDF3B900216674 /* Release */,
			);
			defaultConfigurationIsVisible = 0;
			defaultConfigurationName = Release;
		};
/* End XCConfigurationList section */
	};
	rootObject = 702E95E02CCDF3B800216674 /* Project object */;
}
